
Microsoft Visual Studio Solution File, Format Version 12.00
# Visual Studio Version 17
VisualStudioVersion = 17.7.34024.191
MinimumVisualStudioVersion = 10.0.40219.1
Project("{FAE04EC0-301F-11D3-BF4B-00C04F79EFBC}") = "ASPNET", "ASPNET\ASPNET.csproj", "{39745F6C-D8ED-4EF3-817F-E1B76888F0A6}"
EndProject
Global
	GlobalSection(SolutionConfigurationPlatforms) = preSolution
		Debug|Any CPU = Debug|Any CPU
		Release|Any CPU = Release|Any CPU
	EndGlobalSection
	GlobalSection(ProjectConfigurationPlatforms) = postSolution
		{39745F6C-D8ED-4EF3-817F-E1B76888F0A6}.Debug|Any CPU.ActiveCfg = Debug|Any CPU
		{39745F6C-D8ED-4EF3-817F-E1B76888F0A6}.Debug|Any CPU.Build.0 = Debug|Any CPU
		{39745F6C-D8ED-4EF3-817F-E1B76888F0A6}.Release|Any CPU.ActiveCfg = Release|Any CPU
		{39745F6C-D8ED-4EF3-817F-E1B76888F0A6}.Release|Any CPU.Build.0 = Release|Any CPU
	EndGlobalSection
	GlobalSection(SolutionProperties) = preSolution
		HideSolutionNode = FALSE
	EndGlobalSection
	GlobalSection(ExtensibilityGlobals) = postSolution
		SolutionGuid = {C79B6DA5-BFE2-41DE-B97F-B81AAF15DE71}
	EndGlobalSection
EndGlobal
