
Microsoft Visual Studio Solution File, Format Version 12.00
# Visual Studio Version 17
VisualStudioVersion = 17.7.34009.444
MinimumVisualStudioVersion = 10.0.40219.1
Project("{FAE04EC0-301F-11D3-BF4B-00C04F79EFBC}") = "Assinments", "Assinments\Assinments.csproj", "{88DDB3A1-2D10-43A8-828D-89525453661C}"
EndProject
Global
	GlobalSection(SolutionConfigurationPlatforms) = preSolution
		Debug|Any CPU = Debug|Any CPU
		Release|Any CPU = Release|Any CPU
	EndGlobalSection
	GlobalSection(ProjectConfigurationPlatforms) = postSolution
		{88DDB3A1-2D10-43A8-828D-89525453661C}.Debug|Any CPU.ActiveCfg = Debug|Any CPU
		{88DDB3A1-2D10-43A8-828D-89525453661C}.Debug|Any CPU.Build.0 = Debug|Any CPU
		{88DDB3A1-2D10-43A8-828D-89525453661C}.Release|Any CPU.ActiveCfg = Release|Any CPU
		{88DDB3A1-2D10-43A8-828D-89525453661C}.Release|Any CPU.Build.0 = Release|Any CPU
	EndGlobalSection
	GlobalSection(SolutionProperties) = preSolution
		HideSolutionNode = FALSE
	EndGlobalSection
	GlobalSection(ExtensibilityGlobals) = postSolution
		SolutionGuid = {494FACDD-011A-43E0-B895-9205CB3DC29F}
	EndGlobalSection
EndGlobal
